
Microsoft Visual Studio Solution File, Format Version 12.00
# Visual Studio Version 17
VisualStudioVersion = 17.11.35327.3
MinimumVisualStudioVersion = 10.0.40219.1
Project("{FAE04EC0-301F-11D3-BF4B-00C04F79EFBC}") = "UI", "UI\UI.csproj", "{213B706B-D59B-4CF5-BC04-6EC87DD874BF}"
EndProject
Project("{FAE04EC0-301F-11D3-BF4B-00C04F79EFBC}") = "Domain", "Domain\Domain.csproj", "{D49009EA-ECE8-41B8-9E7A-BF1F1026BFBF}"
EndProject
Project("{FAE04EC0-301F-11D3-BF4B-00C04F79EFBC}") = "BLL", "BLL\BLL.csproj", "{7C0FAAA0-D3E9-4299-BB52-8634D2F549AB}"
EndProject
Project("{FAE04EC0-301F-11D3-BF4B-00C04F79EFBC}") = "DAL", "DAL\DAL.csproj", "{78EFC214-56DD-4F52-AD3F-5E6BDABE6F56}"
EndProject
Project("{FAE04EC0-301F-11D3-BF4B-00C04F79EFBC}") = "Services", "Services\Services.csproj", "{02402E7E-168B-4F7B-8B91-A351F363BF3B}"
EndProject
Global
	GlobalSection(SolutionConfigurationPlatforms) = preSolution
		Debug|Any CPU = Debug|Any CPU
		Release|Any CPU = Release|Any CPU
	EndGlobalSection
	GlobalSection(ProjectConfigurationPlatforms) = postSolution
		{213B706B-D59B-4CF5-BC04-6EC87DD874BF}.Debug|Any CPU.ActiveCfg = Debug|Any CPU
		{213B706B-D59B-4CF5-BC04-6EC87DD874BF}.Debug|Any CPU.Build.0 = Debug|Any CPU
		{213B706B-D59B-4CF5-BC04-6EC87DD874BF}.Release|Any CPU.ActiveCfg = Release|Any CPU
		{213B706B-D59B-4CF5-BC04-6EC87DD874BF}.Release|Any CPU.Build.0 = Release|Any CPU
		{D49009EA-ECE8-41B8-9E7A-BF1F1026BFBF}.Debug|Any CPU.ActiveCfg = Debug|Any CPU
		{D49009EA-ECE8-41B8-9E7A-BF1F1026BFBF}.Debug|Any CPU.Build.0 = Debug|Any CPU
		{D49009EA-ECE8-41B8-9E7A-BF1F1026BFBF}.Release|Any CPU.ActiveCfg = Release|Any CPU
		{D49009EA-ECE8-41B8-9E7A-BF1F1026BFBF}.Release|Any CPU.Build.0 = Release|Any CPU
		{7C0FAAA0-D3E9-4299-BB52-8634D2F549AB}.Debug|Any CPU.ActiveCfg = Debug|Any CPU
		{7C0FAAA0-D3E9-4299-BB52-8634D2F549AB}.Debug|Any CPU.Build.0 = Debug|Any CPU
		{7C0FAAA0-D3E9-4299-BB52-8634D2F549AB}.Release|Any CPU.ActiveCfg = Release|Any CPU
		{7C0FAAA0-D3E9-4299-BB52-8634D2F549AB}.Release|Any CPU.Build.0 = Release|Any CPU
		{78EFC214-56DD-4F52-AD3F-5E6BDABE6F56}.Debug|Any CPU.ActiveCfg = Debug|Any CPU
		{78EFC214-56DD-4F52-AD3F-5E6BDABE6F56}.Debug|Any CPU.Build.0 = Debug|Any CPU
		{78EFC214-56DD-4F52-AD3F-5E6BDABE6F56}.Release|Any CPU.ActiveCfg = Release|Any CPU
		{78EFC214-56DD-4F52-AD3F-5E6BDABE6F56}.Release|Any CPU.Build.0 = Release|Any CPU
		{02402E7E-168B-4F7B-8B91-A351F363BF3B}.Debug|Any CPU.ActiveCfg = Debug|Any CPU
		{02402E7E-168B-4F7B-8B91-A351F363BF3B}.Debug|Any CPU.Build.0 = Debug|Any CPU
		{02402E7E-168B-4F7B-8B91-A351F363BF3B}.Release|Any CPU.ActiveCfg = Release|Any CPU
		{02402E7E-168B-4F7B-8B91-A351F363BF3B}.Release|Any CPU.Build.0 = Release|Any CPU
	EndGlobalSection
	GlobalSection(SolutionProperties) = preSolution
		HideSolutionNode = FALSE
	EndGlobalSection
	GlobalSection(ExtensibilityGlobals) = postSolution
		SolutionGuid = {4B6AF250-CD3C-4D3A-90CC-21D9281B1373}
	EndGlobalSection
EndGlobal
